
Microsoft Visual Studio Solution File, Format Version 12.00
# Visual Studio Version 17
VisualStudioVersion = 17.0.31611.283
MinimumVisualStudioVersion = 10.0.40219.1
Project("{9A19103F-16F7-4668-BE54-9A1E7A4F7556}") = "Meadow.CLI.Core", "..\..\Meadow.CLI\Meadow.CLI.Core\Meadow.CLI.Core.csproj", "{07E4659B-6C71-4195-8A7F-AAD7331403FC}"
EndProject
Project("{2150E333-8FDC-42A3-9474-1A3956D46DE8}") = "ref", "ref", "{53997D2A-7C6B-4678-A44B-84A416263D7A}"
EndProject
Project("{9A19103F-16F7-4668-BE54-9A1E7A4F7556}") = "Meadow.Contracts", "..\..\Meadow.Contracts\Source\Meadow.Contracts\Meadow.Contracts.csproj", "{C2F9AA41-7910-48E9-848A-918676E8DF7F}"
EndProject
Project("{9A19103F-16F7-4668-BE54-9A1E7A4F7556}") = "Meadow.TestSuite.Core", "..\..\Meadow.TestSuite\src\TestSuite\Meadow.TestSuite.Core\Meadow.TestSuite.Core.csproj", "{8717C846-C5E0-4E6D-848A-4B6B928405F5}"
EndProject
Project("{9A19103F-16F7-4668-BE54-9A1E7A4F7556}") = "Meadow.TestSuite.Director", "..\..\Meadow.TestSuite\src\TestSuite\Meadow.TestSuite.Director\Meadow.TestSuite.Director.csproj", "{F91D2085-55CB-4C63-8D94-CB6117761FF9}"
EndProject
Project("{9A19103F-16F7-4668-BE54-9A1E7A4F7556}") = "Meadow.Workbench", "Meadow.Workbench\Meadow.Workbench.csproj", "{163BFE65-0F71-42C7-8803-2715FA55AC46}"
EndProject
Project("{9A19103F-16F7-4668-BE54-9A1E7A4F7556}") = "Meadow.Update.Server", "Meadow.Update.Server\Meadow.Update.Server.csproj", "{DD91F63E-9465-4E60-BF60-91205785B26B}"
EndProject
Project("{9A19103F-16F7-4668-BE54-9A1E7A4F7556}") = "Meadow.Units", "..\..\Meadow.Units\Source\Meadow.Units\Meadow.Units.csproj", "{0FA8F4B8-28F1-4408-98EA-CC2425E28005}"
EndProject
Project("{9A19103F-16F7-4668-BE54-9A1E7A4F7556}") = "Meadow.Logging", "..\..\Meadow.Logging\Source\Meadow.Logging\lib\Meadow.Logging.csproj", "{7D853DF1-308A-42FD-B7B4-9A1FD09BC26B}"
EndProject
Project("{9A19103F-16F7-4668-BE54-9A1E7A4F7556}") = "Web.Maple.MapleServer", "..\..\Maple\Source\Web.Maple.MapleServer\Driver\Web.Maple.MapleServer.csproj", "{122E14A6-7FDD-4B0A-ADF0-9DF274666F35}"
EndProject
Project("{9A19103F-16F7-4668-BE54-9A1E7A4F7556}") = "Meadow.Hcom", "..\..\Meadow.CLI\Meadow.Hcom\Meadow.Hcom.csproj", "{A88816F9-D051-4940-A1AF-3E2375CF8514}"
EndProject
Global
	GlobalSection(SolutionConfigurationPlatforms) = preSolution
		Debug|Any CPU = Debug|Any CPU
		Debug|x64 = Debug|x64
		Debug|x86 = Debug|x86
		Release|Any CPU = Release|Any CPU
		Release|x64 = Release|x64
		Release|x86 = Release|x86
	EndGlobalSection
	GlobalSection(ProjectConfigurationPlatforms) = postSolution
		{07E4659B-6C71-4195-8A7F-AAD7331403FC}.Debug|Any CPU.ActiveCfg = Debug|Any CPU
		{07E4659B-6C71-4195-8A7F-AAD7331403FC}.Debug|Any CPU.Build.0 = Debug|Any CPU
		{07E4659B-6C71-4195-8A7F-AAD7331403FC}.Debug|x64.ActiveCfg = Debug|x64
		{07E4659B-6C71-4195-8A7F-AAD7331403FC}.Debug|x64.Build.0 = Debug|x64
		{07E4659B-6C71-4195-8A7F-AAD7331403FC}.Debug|x86.ActiveCfg = Debug|x86
		{07E4659B-6C71-4195-8A7F-AAD7331403FC}.Debug|x86.Build.0 = Debug|x86
		{07E4659B-6C71-4195-8A7F-AAD7331403FC}.Release|Any CPU.ActiveCfg = Release|Any CPU
		{07E4659B-6C71-4195-8A7F-AAD7331403FC}.Release|Any CPU.Build.0 = Release|Any CPU
		{07E4659B-6C71-4195-8A7F-AAD7331403FC}.Release|x64.ActiveCfg = Release|x64
		{07E4659B-6C71-4195-8A7F-AAD7331403FC}.Release|x64.Build.0 = Release|x64
		{07E4659B-6C71-4195-8A7F-AAD7331403FC}.Release|x86.ActiveCfg = Release|x86
		{07E4659B-6C71-4195-8A7F-AAD7331403FC}.Release|x86.Build.0 = Release|x86
		{C2F9AA41-7910-48E9-848A-918676E8DF7F}.Debug|Any CPU.ActiveCfg = Debug|Any CPU
		{C2F9AA41-7910-48E9-848A-918676E8DF7F}.Debug|Any CPU.Build.0 = Debug|Any CPU
		{C2F9AA41-7910-48E9-848A-918676E8DF7F}.Debug|Any CPU.Deploy.0 = Debug|Any CPU
		{C2F9AA41-7910-48E9-848A-918676E8DF7F}.Debug|x64.ActiveCfg = Debug|Any CPU
		{C2F9AA41-7910-48E9-848A-918676E8DF7F}.Debug|x64.Build.0 = Debug|Any CPU
		{C2F9AA41-7910-48E9-848A-918676E8DF7F}.Debug|x64.Deploy.0 = Debug|Any CPU
		{C2F9AA41-7910-48E9-848A-918676E8DF7F}.Debug|x86.ActiveCfg = Debug|Any CPU
		{C2F9AA41-7910-48E9-848A-918676E8DF7F}.Debug|x86.Build.0 = Debug|Any CPU
		{C2F9AA41-7910-48E9-848A-918676E8DF7F}.Debug|x86.Deploy.0 = Debug|Any CPU
		{C2F9AA41-7910-48E9-848A-918676E8DF7F}.Release|Any CPU.ActiveCfg = Release|Any CPU
		{C2F9AA41-7910-48E9-848A-918676E8DF7F}.Release|Any CPU.Build.0 = Release|Any CPU
		{C2F9AA41-7910-48E9-848A-918676E8DF7F}.Release|Any CPU.Deploy.0 = Release|Any CPU
		{C2F9AA41-7910-48E9-848A-918676E8DF7F}.Release|x64.ActiveCfg = Release|Any CPU
		{C2F9AA41-7910-48E9-848A-918676E8DF7F}.Release|x64.Build.0 = Release|Any CPU
		{C2F9AA41-7910-48E9-848A-918676E8DF7F}.Release|x64.Deploy.0 = Release|Any CPU
		{C2F9AA41-7910-48E9-848A-918676E8DF7F}.Release|x86.ActiveCfg = Release|Any CPU
		{C2F9AA41-7910-48E9-848A-918676E8DF7F}.Release|x86.Build.0 = Release|Any CPU
		{C2F9AA41-7910-48E9-848A-918676E8DF7F}.Release|x86.Deploy.0 = Release|Any CPU
		{8717C846-C5E0-4E6D-848A-4B6B928405F5}.Debug|Any CPU.ActiveCfg = Debug|Any CPU
		{8717C846-C5E0-4E6D-848A-4B6B928405F5}.Debug|Any CPU.Build.0 = Debug|Any CPU
		{8717C846-C5E0-4E6D-848A-4B6B928405F5}.Debug|Any CPU.Deploy.0 = Debug|Any CPU
		{8717C846-C5E0-4E6D-848A-4B6B928405F5}.Debug|x64.ActiveCfg = Debug|Any CPU
		{8717C846-C5E0-4E6D-848A-4B6B928405F5}.Debug|x64.Build.0 = Debug|Any CPU
		{8717C846-C5E0-4E6D-848A-4B6B928405F5}.Debug|x64.Deploy.0 = Debug|Any CPU
		{8717C846-C5E0-4E6D-848A-4B6B928405F5}.Debug|x86.ActiveCfg = Debug|Any CPU
		{8717C846-C5E0-4E6D-848A-4B6B928405F5}.Debug|x86.Build.0 = Debug|Any CPU
		{8717C846-C5E0-4E6D-848A-4B6B928405F5}.Debug|x86.Deploy.0 = Debug|Any CPU
		{8717C846-C5E0-4E6D-848A-4B6B928405F5}.Release|Any CPU.ActiveCfg = Release|Any CPU
		{8717C846-C5E0-4E6D-848A-4B6B928405F5}.Release|Any CPU.Build.0 = Release|Any CPU
		{8717C846-C5E0-4E6D-848A-4B6B928405F5}.Release|Any CPU.Deploy.0 = Release|Any CPU
		{8717C846-C5E0-4E6D-848A-4B6B928405F5}.Release|x64.ActiveCfg = Release|Any CPU
		{8717C846-C5E0-4E6D-848A-4B6B928405F5}.Release|x64.Build.0 = Release|Any CPU
		{8717C846-C5E0-4E6D-848A-4B6B928405F5}.Release|x64.Deploy.0 = Release|Any CPU
		{8717C846-C5E0-4E6D-848A-4B6B928405F5}.Release|x86.ActiveCfg = Release|Any CPU
		{8717C846-C5E0-4E6D-848A-4B6B928405F5}.Release|x86.Build.0 = Release|Any CPU
		{8717C846-C5E0-4E6D-848A-4B6B928405F5}.Release|x86.Deploy.0 = Release|Any CPU
		{F91D2085-55CB-4C63-8D94-CB6117761FF9}.Debug|Any CPU.ActiveCfg = Debug|Any CPU
		{F91D2085-55CB-4C63-8D94-CB6117761FF9}.Debug|Any CPU.Build.0 = Debug|Any CPU
		{F91D2085-55CB-4C63-8D94-CB6117761FF9}.Debug|x64.ActiveCfg = Debug|Any CPU
		{F91D2085-55CB-4C63-8D94-CB6117761FF9}.Debug|x64.Build.0 = Debug|Any CPU
		{F91D2085-55CB-4C63-8D94-CB6117761FF9}.Debug|x86.ActiveCfg = Debug|Any CPU
		{F91D2085-55CB-4C63-8D94-CB6117761FF9}.Debug|x86.Build.0 = Debug|Any CPU
		{F91D2085-55CB-4C63-8D94-CB6117761FF9}.Release|Any CPU.ActiveCfg = Release|Any CPU
		{F91D2085-55CB-4C63-8D94-CB6117761FF9}.Release|Any CPU.Build.0 = Release|Any CPU
		{F91D2085-55CB-4C63-8D94-CB6117761FF9}.Release|x64.ActiveCfg = Release|Any CPU
		{F91D2085-55CB-4C63-8D94-CB6117761FF9}.Release|x64.Build.0 = Release|Any CPU
		{F91D2085-55CB-4C63-8D94-CB6117761FF9}.Release|x86.ActiveCfg = Release|Any CPU
		{F91D2085-55CB-4C63-8D94-CB6117761FF9}.Release|x86.Build.0 = Release|Any CPU
		{163BFE65-0F71-42C7-8803-2715FA55AC46}.Debug|Any CPU.ActiveCfg = Debug|Any CPU
		{163BFE65-0F71-42C7-8803-2715FA55AC46}.Debug|Any CPU.Build.0 = Debug|Any CPU
		{163BFE65-0F71-42C7-8803-2715FA55AC46}.Debug|Any CPU.Deploy.0 = Debug|Any CPU
		{163BFE65-0F71-42C7-8803-2715FA55AC46}.Debug|x64.ActiveCfg = Debug|Any CPU
		{163BFE65-0F71-42C7-8803-2715FA55AC46}.Debug|x64.Build.0 = Debug|Any CPU
		{163BFE65-0F71-42C7-8803-2715FA55AC46}.Debug|x64.Deploy.0 = Debug|Any CPU
		{163BFE65-0F71-42C7-8803-2715FA55AC46}.Debug|x86.ActiveCfg = Debug|Any CPU
		{163BFE65-0F71-42C7-8803-2715FA55AC46}.Debug|x86.Build.0 = Debug|Any CPU
		{163BFE65-0F71-42C7-8803-2715FA55AC46}.Debug|x86.Deploy.0 = Debug|Any CPU
		{163BFE65-0F71-42C7-8803-2715FA55AC46}.Release|Any CPU.ActiveCfg = Release|Any CPU
		{163BFE65-0F71-42C7-8803-2715FA55AC46}.Release|Any CPU.Build.0 = Release|Any CPU
		{163BFE65-0F71-42C7-8803-2715FA55AC46}.Release|Any CPU.Deploy.0 = Release|Any CPU
		{163BFE65-0F71-42C7-8803-2715FA55AC46}.Release|x64.ActiveCfg = Release|Any CPU
		{163BFE65-0F71-42C7-8803-2715FA55AC46}.Release|x64.Build.0 = Release|Any CPU
		{163BFE65-0F71-42C7-8803-2715FA55AC46}.Release|x64.Deploy.0 = Release|Any CPU
		{163BFE65-0F71-42C7-8803-2715FA55AC46}.Release|x86.ActiveCfg = Release|Any CPU
		{163BFE65-0F71-42C7-8803-2715FA55AC46}.Release|x86.Build.0 = Release|Any CPU
		{163BFE65-0F71-42C7-8803-2715FA55AC46}.Release|x86.Deploy.0 = Release|Any CPU
		{DD91F63E-9465-4E60-BF60-91205785B26B}.Debug|Any CPU.ActiveCfg = Debug|Any CPU
		{DD91F63E-9465-4E60-BF60-91205785B26B}.Debug|Any CPU.Build.0 = Debug|Any CPU
		{DD91F63E-9465-4E60-BF60-91205785B26B}.Debug|x64.ActiveCfg = Debug|Any CPU
		{DD91F63E-9465-4E60-BF60-91205785B26B}.Debug|x64.Build.0 = Debug|Any CPU
		{DD91F63E-9465-4E60-BF60-91205785B26B}.Debug|x86.ActiveCfg = Debug|Any CPU
		{DD91F63E-9465-4E60-BF60-91205785B26B}.Debug|x86.Build.0 = Debug|Any CPU
		{DD91F63E-9465-4E60-BF60-91205785B26B}.Release|Any CPU.ActiveCfg = Release|Any CPU
		{DD91F63E-9465-4E60-BF60-91205785B26B}.Release|Any CPU.Build.0 = Release|Any CPU
		{DD91F63E-9465-4E60-BF60-91205785B26B}.Release|x64.ActiveCfg = Release|Any CPU
		{DD91F63E-9465-4E60-BF60-91205785B26B}.Release|x64.Build.0 = Release|Any CPU
		{DD91F63E-9465-4E60-BF60-91205785B26B}.Release|x86.ActiveCfg = Release|Any CPU
		{DD91F63E-9465-4E60-BF60-91205785B26B}.Release|x86.Build.0 = Release|Any CPU
		{0FA8F4B8-28F1-4408-98EA-CC2425E28005}.Debug|Any CPU.ActiveCfg = Debug|Any CPU
		{0FA8F4B8-28F1-4408-98EA-CC2425E28005}.Debug|Any CPU.Build.0 = Debug|Any CPU
		{0FA8F4B8-28F1-4408-98EA-CC2425E28005}.Debug|Any CPU.Deploy.0 = Debug|Any CPU
		{0FA8F4B8-28F1-4408-98EA-CC2425E28005}.Debug|x64.ActiveCfg = Debug|Any CPU
		{0FA8F4B8-28F1-4408-98EA-CC2425E28005}.Debug|x64.Build.0 = Debug|Any CPU
		{0FA8F4B8-28F1-4408-98EA-CC2425E28005}.Debug|x64.Deploy.0 = Debug|Any CPU
		{0FA8F4B8-28F1-4408-98EA-CC2425E28005}.Debug|x86.ActiveCfg = Debug|Any CPU
		{0FA8F4B8-28F1-4408-98EA-CC2425E28005}.Debug|x86.Build.0 = Debug|Any CPU
		{0FA8F4B8-28F1-4408-98EA-CC2425E28005}.Debug|x86.Deploy.0 = Debug|Any CPU
		{0FA8F4B8-28F1-4408-98EA-CC2425E28005}.Release|Any CPU.ActiveCfg = Release|Any CPU
		{0FA8F4B8-28F1-4408-98EA-CC2425E28005}.Release|Any CPU.Build.0 = Release|Any CPU
		{0FA8F4B8-28F1-4408-98EA-CC2425E28005}.Release|Any CPU.Deploy.0 = Release|Any CPU
		{0FA8F4B8-28F1-4408-98EA-CC2425E28005}.Release|x64.ActiveCfg = Release|Any CPU
		{0FA8F4B8-28F1-4408-98EA-CC2425E28005}.Release|x64.Build.0 = Release|Any CPU
		{0FA8F4B8-28F1-4408-98EA-CC2425E28005}.Release|x64.Deploy.0 = Release|Any CPU
		{0FA8F4B8-28F1-4408-98EA-CC2425E28005}.Release|x86.ActiveCfg = Release|Any CPU
		{0FA8F4B8-28F1-4408-98EA-CC2425E28005}.Release|x86.Build.0 = Release|Any CPU
		{0FA8F4B8-28F1-4408-98EA-CC2425E28005}.Release|x86.Deploy.0 = Release|Any CPU
		{7D853DF1-308A-42FD-B7B4-9A1FD09BC26B}.Debug|Any CPU.ActiveCfg = Debug|Any CPU
		{7D853DF1-308A-42FD-B7B4-9A1FD09BC26B}.Debug|Any CPU.Build.0 = Debug|Any CPU
		{7D853DF1-308A-42FD-B7B4-9A1FD09BC26B}.Debug|x64.ActiveCfg = Debug|Any CPU
		{7D853DF1-308A-42FD-B7B4-9A1FD09BC26B}.Debug|x64.Build.0 = Debug|Any CPU
		{7D853DF1-308A-42FD-B7B4-9A1FD09BC26B}.Debug|x86.ActiveCfg = Debug|Any CPU
		{7D853DF1-308A-42FD-B7B4-9A1FD09BC26B}.Debug|x86.Build.0 = Debug|Any CPU
		{7D853DF1-308A-42FD-B7B4-9A1FD09BC26B}.Release|Any CPU.ActiveCfg = Release|Any CPU
		{7D853DF1-308A-42FD-B7B4-9A1FD09BC26B}.Release|Any CPU.Build.0 = Release|Any CPU
		{7D853DF1-308A-42FD-B7B4-9A1FD09BC26B}.Release|x64.ActiveCfg = Release|Any CPU
		{7D853DF1-308A-42FD-B7B4-9A1FD09BC26B}.Release|x64.Build.0 = Release|Any CPU
		{7D853DF1-308A-42FD-B7B4-9A1FD09BC26B}.Release|x86.ActiveCfg = Release|Any CPU
		{7D853DF1-308A-42FD-B7B4-9A1FD09BC26B}.Release|x86.Build.0 = Release|Any CPU
		{122E14A6-7FDD-4B0A-ADF0-9DF274666F35}.Debug|Any CPU.ActiveCfg = Debug|Any CPU
		{122E14A6-7FDD-4B0A-ADF0-9DF274666F35}.Debug|Any CPU.Build.0 = Debug|Any CPU
		{122E14A6-7FDD-4B0A-ADF0-9DF274666F35}.Debug|Any CPU.Deploy.0 = Debug|Any CPU
		{122E14A6-7FDD-4B0A-ADF0-9DF274666F35}.Debug|x64.ActiveCfg = Debug|Any CPU
		{122E14A6-7FDD-4B0A-ADF0-9DF274666F35}.Debug|x64.Build.0 = Debug|Any CPU
		{122E14A6-7FDD-4B0A-ADF0-9DF274666F35}.Debug|x64.Deploy.0 = Debug|Any CPU
		{122E14A6-7FDD-4B0A-ADF0-9DF274666F35}.Debug|x86.ActiveCfg = Debug|Any CPU
		{122E14A6-7FDD-4B0A-ADF0-9DF274666F35}.Debug|x86.Build.0 = Debug|Any CPU
		{122E14A6-7FDD-4B0A-ADF0-9DF274666F35}.Debug|x86.Deploy.0 = Debug|Any CPU
		{122E14A6-7FDD-4B0A-ADF0-9DF274666F35}.Release|Any CPU.ActiveCfg = Release|Any CPU
		{122E14A6-7FDD-4B0A-ADF0-9DF274666F35}.Release|Any CPU.Build.0 = Release|Any CPU
		{122E14A6-7FDD-4B0A-ADF0-9DF274666F35}.Release|Any CPU.Deploy.0 = Release|Any CPU
		{122E14A6-7FDD-4B0A-ADF0-9DF274666F35}.Release|x64.ActiveCfg = Release|Any CPU
		{122E14A6-7FDD-4B0A-ADF0-9DF274666F35}.Release|x64.Build.0 = Release|Any CPU
		{122E14A6-7FDD-4B0A-ADF0-9DF274666F35}.Release|x64.Deploy.0 = Release|Any CPU
		{122E14A6-7FDD-4B0A-ADF0-9DF274666F35}.Release|x86.ActiveCfg = Release|Any CPU
		{122E14A6-7FDD-4B0A-ADF0-9DF274666F35}.Release|x86.Build.0 = Release|Any CPU
		{122E14A6-7FDD-4B0A-ADF0-9DF274666F35}.Release|x86.Deploy.0 = Release|Any CPU
		{A88816F9-D051-4940-A1AF-3E2375CF8514}.Debug|Any CPU.ActiveCfg = Debug|Any CPU
		{A88816F9-D051-4940-A1AF-3E2375CF8514}.Debug|Any CPU.Build.0 = Debug|Any CPU
		{A88816F9-D051-4940-A1AF-3E2375CF8514}.Debug|x64.ActiveCfg = Debug|Any CPU
		{A88816F9-D051-4940-A1AF-3E2375CF8514}.Debug|x64.Build.0 = Debug|Any CPU
		{A88816F9-D051-4940-A1AF-3E2375CF8514}.Debug|x86.ActiveCfg = Debug|Any CPU
		{A88816F9-D051-4940-A1AF-3E2375CF8514}.Debug|x86.Build.0 = Debug|Any CPU
		{A88816F9-D051-4940-A1AF-3E2375CF8514}.Release|Any CPU.ActiveCfg = Release|Any CPU
		{A88816F9-D051-4940-A1AF-3E2375CF8514}.Release|Any CPU.Build.0 = Release|Any CPU
		{A88816F9-D051-4940-A1AF-3E2375CF8514}.Release|x64.ActiveCfg = Release|Any CPU
		{A88816F9-D051-4940-A1AF-3E2375CF8514}.Release|x64.Build.0 = Release|Any CPU
		{A88816F9-D051-4940-A1AF-3E2375CF8514}.Release|x86.ActiveCfg = Release|Any CPU
		{A88816F9-D051-4940-A1AF-3E2375CF8514}.Release|x86.Build.0 = Release|Any CPU
	EndGlobalSection
	GlobalSection(SolutionProperties) = preSolution
		HideSolutionNode = FALSE
	EndGlobalSection
	GlobalSection(NestedProjects) = preSolution
		{07E4659B-6C71-4195-8A7F-AAD7331403FC} = {53997D2A-7C6B-4678-A44B-84A416263D7A}
		{C2F9AA41-7910-48E9-848A-918676E8DF7F} = {53997D2A-7C6B-4678-A44B-84A416263D7A}
		{8717C846-C5E0-4E6D-848A-4B6B928405F5} = {53997D2A-7C6B-4678-A44B-84A416263D7A}
		{F91D2085-55CB-4C63-8D94-CB6117761FF9} = {53997D2A-7C6B-4678-A44B-84A416263D7A}
		{0FA8F4B8-28F1-4408-98EA-CC2425E28005} = {53997D2A-7C6B-4678-A44B-84A416263D7A}
		{7D853DF1-308A-42FD-B7B4-9A1FD09BC26B} = {53997D2A-7C6B-4678-A44B-84A416263D7A}
		{122E14A6-7FDD-4B0A-ADF0-9DF274666F35} = {53997D2A-7C6B-4678-A44B-84A416263D7A}
		{A88816F9-D051-4940-A1AF-3E2375CF8514} = {53997D2A-7C6B-4678-A44B-84A416263D7A}
	EndGlobalSection
	GlobalSection(ExtensibilityGlobals) = postSolution
		SolutionGuid = {61F7FB11-1E47-470C-91E2-47F8143E1572}
	EndGlobalSection
EndGlobal
